
Microsoft Visual Studio Solution File, Format Version 12.00
# Visual Studio Version 17
VisualStudioVersion = 17.5.33424.131
MinimumVisualStudioVersion = 10.0.40219.1
Project("{FAE04EC0-301F-11D3-BF4B-00C04F79EFBC}") = "back", "back.csproj", "{6CF74A41-10A0-4322-8EF8-0EE38E5FE96E}"
EndProject
Global
	GlobalSection(SolutionConfigurationPlatforms) = preSolution
		Debug|Any CPU = Debug|Any CPU
		Release|Any CPU = Release|Any CPU
	EndGlobalSection
	GlobalSection(ProjectConfigurationPlatforms) = postSolution
		{6CF74A41-10A0-4322-8EF8-0EE38E5FE96E}.Debug|Any CPU.ActiveCfg = Debug|Any CPU
		{6CF74A41-10A0-4322-8EF8-0EE38E5FE96E}.Debug|Any CPU.Build.0 = Debug|Any CPU
		{6CF74A41-10A0-4322-8EF8-0EE38E5FE96E}.Release|Any CPU.ActiveCfg = Release|Any CPU
		{6CF74A41-10A0-4322-8EF8-0EE38E5FE96E}.Release|Any CPU.Build.0 = Release|Any CPU
	EndGlobalSection
	GlobalSection(SolutionProperties) = preSolution
		HideSolutionNode = FALSE
	EndGlobalSection
	GlobalSection(ExtensibilityGlobals) = postSolution
		SolutionGuid = {5801A68D-6BD1-45C3-BEBA-E3C4D772DE44}
	EndGlobalSection
EndGlobal
